
Microsoft Visual Studio Solution File, Format Version 12.00
Project("{2150E333-8FDC-42A3-9474-1A3956D46DE8}") = "src", "src", "{C5E2F6C9-0DF7-429A-86A4-FF870C9E7177}"
EndProject
Project("{FAE04EC0-301F-11D3-BF4B-00C04F79EFBC}") = "BananaProtocol.API", "BananaProtocol.API\BananaProtocol.API.csproj", "{C5E9E29F-DE42-4D13-94FB-3A89F69ADED5}"
EndProject
Project("{FAE04EC0-301F-11D3-BF4B-00C04F79EFBC}") = "BananaProtocol.Domain", "BananaProtocol.Domain\BananaProtocol.Domain.csproj", "{2305CE33-5649-469C-836E-37085A8B533E}"
EndProject
Project("{FAE04EC0-301F-11D3-BF4B-00C04F79EFBC}") = "BananaProtocol.Infrastructure", "BananaProtocol.Infrastructure\BananaProtocol.Infrastructure.csproj", "{BEAA26DB-18B0-450C-A80B-28CCAB863FFE}"
EndProject
Project("{FAE04EC0-301F-11D3-BF4B-00C04F79EFBC}") = "BananaProtocol.Application", "BananaProtocol.Application\BananaProtocol.Application.csproj", "{818FB9DD-868F-4B02-BC4D-14F5C5C50D9C}"
EndProject
Global
	GlobalSection(SolutionConfigurationPlatforms) = preSolution
		Debug|Any CPU = Debug|Any CPU
		Release|Any CPU = Release|Any CPU
	EndGlobalSection
	GlobalSection(NestedProjects) = preSolution
		{C5E9E29F-DE42-4D13-94FB-3A89F69ADED5} = {C5E2F6C9-0DF7-429A-86A4-FF870C9E7177}
		{2305CE33-5649-469C-836E-37085A8B533E} = {C5E2F6C9-0DF7-429A-86A4-FF870C9E7177}
		{BEAA26DB-18B0-450C-A80B-28CCAB863FFE} = {C5E2F6C9-0DF7-429A-86A4-FF870C9E7177}
		{818FB9DD-868F-4B02-BC4D-14F5C5C50D9C} = {C5E2F6C9-0DF7-429A-86A4-FF870C9E7177}
	EndGlobalSection
	GlobalSection(ProjectConfigurationPlatforms) = postSolution
		{C5E9E29F-DE42-4D13-94FB-3A89F69ADED5}.Debug|Any CPU.ActiveCfg = Debug|Any CPU
		{C5E9E29F-DE42-4D13-94FB-3A89F69ADED5}.Debug|Any CPU.Build.0 = Debug|Any CPU
		{C5E9E29F-DE42-4D13-94FB-3A89F69ADED5}.Release|Any CPU.ActiveCfg = Release|Any CPU
		{C5E9E29F-DE42-4D13-94FB-3A89F69ADED5}.Release|Any CPU.Build.0 = Release|Any CPU
		{2305CE33-5649-469C-836E-37085A8B533E}.Debug|Any CPU.ActiveCfg = Debug|Any CPU
		{2305CE33-5649-469C-836E-37085A8B533E}.Debug|Any CPU.Build.0 = Debug|Any CPU
		{2305CE33-5649-469C-836E-37085A8B533E}.Release|Any CPU.ActiveCfg = Release|Any CPU
		{2305CE33-5649-469C-836E-37085A8B533E}.Release|Any CPU.Build.0 = Release|Any CPU
		{BEAA26DB-18B0-450C-A80B-28CCAB863FFE}.Debug|Any CPU.ActiveCfg = Debug|Any CPU
		{BEAA26DB-18B0-450C-A80B-28CCAB863FFE}.Debug|Any CPU.Build.0 = Debug|Any CPU
		{BEAA26DB-18B0-450C-A80B-28CCAB863FFE}.Release|Any CPU.ActiveCfg = Release|Any CPU
		{BEAA26DB-18B0-450C-A80B-28CCAB863FFE}.Release|Any CPU.Build.0 = Release|Any CPU
		{818FB9DD-868F-4B02-BC4D-14F5C5C50D9C}.Debug|Any CPU.ActiveCfg = Debug|Any CPU
		{818FB9DD-868F-4B02-BC4D-14F5C5C50D9C}.Debug|Any CPU.Build.0 = Debug|Any CPU
		{818FB9DD-868F-4B02-BC4D-14F5C5C50D9C}.Release|Any CPU.ActiveCfg = Release|Any CPU
		{818FB9DD-868F-4B02-BC4D-14F5C5C50D9C}.Release|Any CPU.Build.0 = Release|Any CPU
	EndGlobalSection
EndGlobal
